# This file is automatically @generated by Cargo.
# It is not intended for manual editing.
version = 3

[[package]]
name = "lovyangfx-fonts"
version = "0.1.0"
source = "registry+https://github.com/rust-lang/crates.io-index"
checksum = "34aeef9b077e24eb13fa7295e156edb4a6339b66fca16f3c5853145040bb3c9c"

[[package]]
name = "lovyangfx-fonts-efont-cn"
version = "0.2.0"
dependencies = [
 "lovyangfx-fonts",
]
